
Microsoft Visual Studio Solution File, Format Version 12.00
# Visual Studio Version 16
VisualStudioVersion = 16.0.31129.286
MinimumVisualStudioVersion = 10.0.40219.1
Project("{9A19103F-16F7-4668-BE54-9A1E7A4F7556}") = "test", "test\test.csproj", "{51CDBD1C-F9F0-45C2-B325-63560EB5D4F0}"
EndProject
Project("{9A19103F-16F7-4668-BE54-9A1E7A4F7556}") = "src", "src\src.csproj", "{A0468D0F-31A7-48EC-A643-23082E37C22F}"
EndProject
Global
	GlobalSection(SolutionConfigurationPlatforms) = preSolution
		Debug|Any CPU = Debug|Any CPU
		Release|Any CPU = Release|Any CPU
	EndGlobalSection
	GlobalSection(ProjectConfigurationPlatforms) = postSolution
		{51CDBD1C-F9F0-45C2-B325-63560EB5D4F0}.Debug|Any CPU.ActiveCfg = Debug|Any CPU
		{51CDBD1C-F9F0-45C2-B325-63560EB5D4F0}.Debug|Any CPU.Build.0 = Debug|Any CPU
		{51CDBD1C-F9F0-45C2-B325-63560EB5D4F0}.Release|Any CPU.ActiveCfg = Release|Any CPU
		{51CDBD1C-F9F0-45C2-B325-63560EB5D4F0}.Release|Any CPU.Build.0 = Release|Any CPU
		{A0468D0F-31A7-48EC-A643-23082E37C22F}.Debug|Any CPU.ActiveCfg = Debug|Any CPU
		{A0468D0F-31A7-48EC-A643-23082E37C22F}.Debug|Any CPU.Build.0 = Debug|Any CPU
		{A0468D0F-31A7-48EC-A643-23082E37C22F}.Release|Any CPU.ActiveCfg = Release|Any CPU
		{A0468D0F-31A7-48EC-A643-23082E37C22F}.Release|Any CPU.Build.0 = Release|Any CPU
	EndGlobalSection
	GlobalSection(SolutionProperties) = preSolution
		HideSolutionNode = FALSE
	EndGlobalSection
	GlobalSection(ExtensibilityGlobals) = postSolution
		SolutionGuid = {CE3246BF-D8F0-4366-8FE5-9267D814919B}
	EndGlobalSection
EndGlobal
